
Microsoft Visual Studio Solution File, Format Version 12.00
# Visual Studio Version 16
VisualStudioVersion = 16.0.31313.79
MinimumVisualStudioVersion = 10.0.40219.1
Project("{FAE04EC0-301F-11D3-BF4B-00C04F79EFBC}") = "Reverse_String", "Reverse_String\Reverse_String.csproj", "{551BCD51-8C0D-4AA4-8E78-71F57BA661FD}"
EndProject
Global
	GlobalSection(SolutionConfigurationPlatforms) = preSolution
		Debug|Any CPU = Debug|Any CPU
		Release|Any CPU = Release|Any CPU
	EndGlobalSection
	GlobalSection(ProjectConfigurationPlatforms) = postSolution
		{551BCD51-8C0D-4AA4-8E78-71F57BA661FD}.Debug|Any CPU.ActiveCfg = Debug|Any CPU
		{551BCD51-8C0D-4AA4-8E78-71F57BA661FD}.Debug|Any CPU.Build.0 = Debug|Any CPU
		{551BCD51-8C0D-4AA4-8E78-71F57BA661FD}.Release|Any CPU.ActiveCfg = Release|Any CPU
		{551BCD51-8C0D-4AA4-8E78-71F57BA661FD}.Release|Any CPU.Build.0 = Release|Any CPU
	EndGlobalSection
	GlobalSection(SolutionProperties) = preSolution
		HideSolutionNode = FALSE
	EndGlobalSection
	GlobalSection(ExtensibilityGlobals) = postSolution
		SolutionGuid = {860E40B9-3BE0-4248-A84F-D01B73BC6347}
	EndGlobalSection
EndGlobal
